
Microsoft Visual Studio Solution File, Format Version 12.00
# Visual Studio Version 17
VisualStudioVersion = 17.11.35312.102
MinimumVisualStudioVersion = 10.0.40219.1
Project("{FAE04EC0-301F-11D3-BF4B-00C04F79EFBC}") = "Practica_03", "Practica_03\Practica_03.csproj", "{411C1391-5CDD-4F37-9275-7F462412D686}"
EndProject
Global
	GlobalSection(SolutionConfigurationPlatforms) = preSolution
		Debug|Any CPU = Debug|Any CPU
		Release|Any CPU = Release|Any CPU
	EndGlobalSection
	GlobalSection(ProjectConfigurationPlatforms) = postSolution
		{411C1391-5CDD-4F37-9275-7F462412D686}.Debug|Any CPU.ActiveCfg = Debug|Any CPU
		{411C1391-5CDD-4F37-9275-7F462412D686}.Debug|Any CPU.Build.0 = Debug|Any CPU
		{411C1391-5CDD-4F37-9275-7F462412D686}.Release|Any CPU.ActiveCfg = Release|Any CPU
		{411C1391-5CDD-4F37-9275-7F462412D686}.Release|Any CPU.Build.0 = Release|Any CPU
	EndGlobalSection
	GlobalSection(SolutionProperties) = preSolution
		HideSolutionNode = FALSE
	EndGlobalSection
	GlobalSection(ExtensibilityGlobals) = postSolution
		SolutionGuid = {F1E4D10F-866B-49A8-ACAA-22D04989F9AF}
	EndGlobalSection
EndGlobal
