
Microsoft Visual Studio Solution File, Format Version 12.00
# Visual Studio Version 17
VisualStudioVersion = 17.11.35312.102
MinimumVisualStudioVersion = 10.0.40219.1
Project("{FAE04EC0-301F-11D3-BF4B-00C04F79EFBC}") = "Practica_09", "Practica_09\Practica_09.csproj", "{47E0F85E-1297-4325-B166-8C6A9F88A8ED}"
EndProject
Global
	GlobalSection(SolutionConfigurationPlatforms) = preSolution
		Debug|Any CPU = Debug|Any CPU
		Release|Any CPU = Release|Any CPU
	EndGlobalSection
	GlobalSection(ProjectConfigurationPlatforms) = postSolution
		{47E0F85E-1297-4325-B166-8C6A9F88A8ED}.Debug|Any CPU.ActiveCfg = Debug|Any CPU
		{47E0F85E-1297-4325-B166-8C6A9F88A8ED}.Debug|Any CPU.Build.0 = Debug|Any CPU
		{47E0F85E-1297-4325-B166-8C6A9F88A8ED}.Release|Any CPU.ActiveCfg = Release|Any CPU
		{47E0F85E-1297-4325-B166-8C6A9F88A8ED}.Release|Any CPU.Build.0 = Release|Any CPU
	EndGlobalSection
	GlobalSection(SolutionProperties) = preSolution
		HideSolutionNode = FALSE
	EndGlobalSection
	GlobalSection(ExtensibilityGlobals) = postSolution
		SolutionGuid = {2298FAE2-6756-498A-884B-9F1604CCD6A5}
	EndGlobalSection
EndGlobal
