
Microsoft Visual Studio Solution File, Format Version 12.00
# Visual Studio Version 17
VisualStudioVersion = 17.11.35312.102
MinimumVisualStudioVersion = 10.0.40219.1
Project("{FAE04EC0-301F-11D3-BF4B-00C04F79EFBC}") = "Practica_07", "Practica_07\Practica_07.csproj", "{CBBA8E65-97BA-4E71-B81B-FB1D632A28D9}"
EndProject
Global
	GlobalSection(SolutionConfigurationPlatforms) = preSolution
		Debug|Any CPU = Debug|Any CPU
		Release|Any CPU = Release|Any CPU
	EndGlobalSection
	GlobalSection(ProjectConfigurationPlatforms) = postSolution
		{CBBA8E65-97BA-4E71-B81B-FB1D632A28D9}.Debug|Any CPU.ActiveCfg = Debug|Any CPU
		{CBBA8E65-97BA-4E71-B81B-FB1D632A28D9}.Debug|Any CPU.Build.0 = Debug|Any CPU
		{CBBA8E65-97BA-4E71-B81B-FB1D632A28D9}.Release|Any CPU.ActiveCfg = Release|Any CPU
		{CBBA8E65-97BA-4E71-B81B-FB1D632A28D9}.Release|Any CPU.Build.0 = Release|Any CPU
	EndGlobalSection
	GlobalSection(SolutionProperties) = preSolution
		HideSolutionNode = FALSE
	EndGlobalSection
	GlobalSection(ExtensibilityGlobals) = postSolution
		SolutionGuid = {AD852214-A33E-4C73-899D-1212CFD72A0A}
	EndGlobalSection
EndGlobal
